PODS:
  - Alamofire (4.8.2)
  - Koloda (5.0):
    - pop (~> 1.0)
  - pop (1.0.12)
  - SnapKit (5.0.0)

DEPENDENCIES:
  - Alamofire
  - Koloda
  - SnapKit

SPEC REPOS:
  https://github.com/cocoapods/specs.git:
    - Alamofire
    - Koloda
    - pop
    - SnapKit

SPEC CHECKSUMS:
  Alamofire: ae5c501addb7afdbb13687d7f2f722c78734c2d3
  Koloda: 75302d21882cc3e274c1561b1155805ea5919dab
  pop: d582054913807fd11fd50bfe6a539d91c7e1a55a
  SnapKit: fd22d10eb9aff484d79a8724eab922c1ddf89bcf

PODFILE CHECKSUM: e4426292d67e8a8d3b200b600f2303532eb03047

COCOAPODS: 1.5.3
