PODS:
  - Alamofire (4.8.2)
  - Koloda (5.0):
    - pop (~> 1.0)
  - pop (1.0.12)
  - Promises (2.0.4)
  - SnapKit (5.0.0)

DEPENDENCIES:
  - Alamofire
  - Koloda
  - Promises
  - SnapKit

SPEC REPOS:
  https://github.com/cocoapods/specs.git:
    - Alamofire
    - Koloda
    - pop
    - Promises
    - SnapKit

SPEC CHECKSUMS:
  Alamofire: ae5c501addb7afdbb13687d7f2f722c78734c2d3
  Koloda: 75302d21882cc3e274c1561b1155805ea5919dab
  pop: d582054913807fd11fd50bfe6a539d91c7e1a55a
  Promises: fcb83dc6be43294a8d30c343636ed1a45a8d2e0a
  SnapKit: fd22d10eb9aff484d79a8724eab922c1ddf89bcf

PODFILE CHECKSUM: dbbae7afb0e3a9038bcc02c4b542f7fc25be0798

COCOAPODS: 1.5.3
