PODS:
  - GoogleSignIn (4.4.0):
    - "GoogleToolboxForMac/NSDictionary+URLArguments (~> 2.1)"
    - "GoogleToolboxForMac/NSString+URLArguments (~> 2.1)"
    - GTMSessionFetcher/Core (~> 1.1)
  - GoogleToolboxForMac/DebugUtils (2.2.1):
    - GoogleToolboxForMac/Defines (= 2.2.1)
  - GoogleToolboxForMac/Defines (2.2.1)
  - "GoogleToolboxForMac/NSDictionary+URLArguments (2.2.1)":
    - GoogleToolboxForMac/DebugUtils (= 2.2.1)
    - GoogleToolboxForMac/Defines (= 2.2.1)
    - "GoogleToolboxForMac/NSString+URLArguments (= 2.2.1)"
  - "GoogleToolboxForMac/NSString+URLArguments (2.2.1)"
  - GTMSessionFetcher/Core (1.2.2)
  - Koloda (5.0):
    - pop (~> 1.0)
  - pop (1.0.12)
  - SnapKit (5.0.0)

DEPENDENCIES:
  - GoogleSignIn
  - Koloda
  - SnapKit

SPEC REPOS:
  https://github.com/cocoapods/specs.git:
    - GoogleSignIn
    - GoogleToolboxForMac
    - GTMSessionFetcher
    - Koloda
    - pop
    - SnapKit

SPEC CHECKSUMS:
  GoogleSignIn: 7ff245e1a7b26d379099d3243a562f5747e23d39
  GoogleToolboxForMac: b3553629623a3b1bff17f555e736cd5a6d95ad55
  GTMSessionFetcher: 61bb0f61a4cb560030f1222021178008a5727a23
  Koloda: 75302d21882cc3e274c1561b1155805ea5919dab
  pop: d582054913807fd11fd50bfe6a539d91c7e1a55a
  SnapKit: fd22d10eb9aff484d79a8724eab922c1ddf89bcf

PODFILE CHECKSUM: d0bb61d54d8dcda5a4d37ea000b51c141c73965f

COCOAPODS: 1.5.3
